// !$*UTF8*$!
{
	archiveVersion = 1;
	classes = {
	};
	objectVersion = 55;
	objects = {

/* Begin PBXBuildFile section */
		E235CB8527FBC2F800EF3239 /* FavoriteWordTableView.swift in Sources */ = {isa = PBXBuildFile; fileRef = E235CB8427FBC2F800EF3239 /* FavoriteWordTableView.swift */; };
		E29D592027F152CA007B6163 /* RandomWordView.swift in Sources */ = {isa = PBXBuildFile; fileRef = E29D591F27F152CA007B6163 /* RandomWordView.swift */; };
		E2D686AE2818CE13001C9149 /* FavoriteWordDetailViewController.swift in Sources */ = {isa = PBXBuildFile; fileRef = E2D686AD2818CE13001C9149 /* FavoriteWordDetailViewController.swift */; };
		E2D936BB27F108260045A394 /* WordList.swift in Sources */ = {isa = PBXBuildFile; fileRef = E2D936BA27F108260045A394 /* WordList.swift */; };
		E2FA1E8E27E3C040009FBF76 /* AppDelegate.swift in Sources */ = {isa = PBXBuildFile; fileRef = E2FA1E8D27E3C040009FBF76 /* AppDelegate.swift */; };
		E2FA1E9027E3C040009FBF76 /* SceneDelegate.swift in Sources */ = {isa = PBXBuildFile; fileRef = E2FA1E8F27E3C040009FBF76 /* SceneDelegate.swift */; };
		E2FA1E9227E3C040009FBF76 /* ViewController.swift in Sources */ = {isa = PBXBuildFile; fileRef = E2FA1E9127E3C040009FBF76 /* ViewController.swift */; };
		E2FA1E9727E3C046009FBF76 /* Assets.xcassets in Resources */ = {isa = PBXBuildFile; fileRef = E2FA1E9627E3C046009FBF76 /* Assets.xcassets */; };
		E2FA1E9A27E3C046009FBF76 /* LaunchScreen.storyboard in Resources */ = {isa = PBXBuildFile; fileRef = E2FA1E9827E3C046009FBF76 /* LaunchScreen.storyboard */; };
		E2FA1EA627E3C7CD009FBF76 /* Bitter-Bold.ttf in Resources */ = {isa = PBXBuildFile; fileRef = E2FA1EA127E3C7A5009FBF76 /* Bitter-Bold.ttf */; };
		E2FA1EA827E3C7CD009FBF76 /* Bitter-Italic.ttf in Resources */ = {isa = PBXBuildFile; fileRef = E2FA1EA327E3C7B0009FBF76 /* Bitter-Italic.ttf */; };
		E2FA1EAD27E3C864009FBF76 /* Bitter-Regular.ttf in Resources */ = {isa = PBXBuildFile; fileRef = E2FA1EAC27E3C862009FBF76 /* Bitter-Regular.ttf */; };
		E2FA1EAE27E3C86A009FBF76 /* DancingScript-Bold.ttf in Resources */ = {isa = PBXBuildFile; fileRef = E2FA1EA927E3C7EF009FBF76 /* DancingScript-Bold.ttf */; };
		E2FA953F27FBC89100C54875 /* WordDetailTableViewCell.swift in Sources */ = {isa = PBXBuildFile; fileRef = E2FA953E27FBC89100C54875 /* WordDetailTableViewCell.swift */; };
		E2FA954127FBC9A300C54875 /* WordView.swift in Sources */ = {isa = PBXBuildFile; fileRef = E2FA954027FBC9A300C54875 /* WordView.swift */; };
/* End PBXBuildFile section */

/* Begin PBXFileReference section */
		E235CB8427FBC2F800EF3239 /* FavoriteWordTableView.swift */ = {isa = PBXFileReference; lastKnownFileType = sourcecode.swift; path = FavoriteWordTableView.swift; sourceTree = "<group>"; };
		E29D591F27F152CA007B6163 /* RandomWordView.swift */ = {isa = PBXFileReference; lastKnownFileType = sourcecode.swift; path = RandomWordView.swift; sourceTree = "<group>"; };
		E2D686AD2818CE13001C9149 /* FavoriteWordDetailViewController.swift */ = {isa = PBXFileReference; lastKnownFileType = sourcecode.swift; path = FavoriteWordDetailViewController.swift; sourceTree = "<group>"; };
		E2D936BA27F108260045A394 /* WordList.swift */ = {isa = PBXFileReference; lastKnownFileType = sourcecode.swift; path = WordList.swift; sourceTree = "<group>"; };
		E2FA1E8A27E3C040009FBF76 /* Searchinary.app */ = {isa = PBXFileReference; explicitFileType = wrapper.application; includeInIndex = 0; path = Searchinary.app; sourceTree = BUILT_PRODUCTS_DIR; };
		E2FA1E8D27E3C040009FBF76 /* AppDelegate.swift */ = {isa = PBXFileReference; lastKnownFileType = sourcecode.swift; path = AppDelegate.swift; sourceTree = "<group>"; };
		E2FA1E8F27E3C040009FBF76 /* SceneDelegate.swift */ = {isa = PBXFileReference; lastKnownFileType = sourcecode.swift; path = SceneDelegate.swift; sourceTree = "<group>"; };
		E2FA1E9127E3C040009FBF76 /* ViewController.swift */ = {isa = PBXFileReference; lastKnownFileType = sourcecode.swift; path = ViewController.swift; sourceTree = "<group>"; };
		E2FA1E9627E3C046009FBF76 /* Assets.xcassets */ = {isa = PBXFileReference; lastKnownFileType = folder.assetcatalog; path = Assets.xcassets; sourceTree = "<group>"; };
		E2FA1E9927E3C046009FBF76 /* Base */ = {isa = PBXFileReference; lastKnownFileType = file.storyboard; name = Base; path = Base.lproj/LaunchScreen.storyboard; sourceTree = "<group>"; };
		E2FA1E9B27E3C046009FBF76 /* Info.plist */ = {isa = PBXFileReference; lastKnownFileType = text.plist.xml; path = Info.plist; sourceTree = "<group>"; };
		E2FA1EA127E3C7A5009FBF76 /* Bitter-Bold.ttf */ = {isa = PBXFileReference; lastKnownFileType = file; path = "Bitter-Bold.ttf"; sourceTree = "<group>"; };
		E2FA1EA327E3C7B0009FBF76 /* Bitter-Italic.ttf */ = {isa = PBXFileReference; lastKnownFileType = file; path = "Bitter-Italic.ttf"; sourceTree = "<group>"; };
		E2FA1EA927E3C7EF009FBF76 /* DancingScript-Bold.ttf */ = {isa = PBXFileReference; lastKnownFileType = file; path = "DancingScript-Bold.ttf"; sourceTree = "<group>"; };
		E2FA1EAC27E3C862009FBF76 /* Bitter-Regular.ttf */ = {isa = PBXFileReference; lastKnownFileType = file; path = "Bitter-Regular.ttf"; sourceTree = "<group>"; };
		E2FA953E27FBC89100C54875 /* WordDetailTableViewCell.swift */ = {isa = PBXFileReference; lastKnownFileType = sourcecode.swift; path = WordDetailTableViewCell.swift; sourceTree = "<group>"; };
		E2FA954027FBC9A300C54875 /* WordView.swift */ = {isa = PBXFileReference; lastKnownFileType = sourcecode.swift; path = WordView.swift; sourceTree = "<group>"; };
/* End PBXFileReference section */

/* Begin PBXFrameworksBuildPhase section */
		E2FA1E8727E3C040009FBF76 /* Frameworks */ = {
			isa = PBXFrameworksBuildPhase;
			buildActionMask = 2147483647;
			files = (
			);
			runOnlyForDeploymentPostprocessing = 0;
		};
/* End PBXFrameworksBuildPhase section */

/* Begin PBXGroup section */
		E29D592127F1541F007B6163 /* Controller */ = {
			isa = PBXGroup;
			children = (
				E2FA1E9127E3C040009FBF76 /* ViewController.swift */,
				E2D686AD2818CE13001C9149 /* FavoriteWordDetailViewController.swift */,
			);
			path = Controller;
			sourceTree = "<group>";
		};
		E29D592227F15438007B6163 /* View */ = {
			isa = PBXGroup;
			children = (
				E29D591F27F152CA007B6163 /* RandomWordView.swift */,
				E2FA954027FBC9A300C54875 /* WordView.swift */,
				E235CB8427FBC2F800EF3239 /* FavoriteWordTableView.swift */,
				E2FA953E27FBC89100C54875 /* WordDetailTableViewCell.swift */,
				E2FA1E9827E3C046009FBF76 /* LaunchScreen.storyboard */,
			);
			path = View;
			sourceTree = "<group>";
		};
		E29D592327F15453007B6163 /* Supporting Files */ = {
			isa = PBXGroup;
			children = (
				E2FA1E8D27E3C040009FBF76 /* AppDelegate.swift */,
				E2FA1E8F27E3C040009FBF76 /* SceneDelegate.swift */,
			);
			path = "Supporting Files";
			sourceTree = "<group>";
		};
		E29D592427F15468007B6163 /* Model */ = {
			isa = PBXGroup;
			children = (
				E2D936BA27F108260045A394 /* WordList.swift */,
			);
			path = Model;
			sourceTree = "<group>";
		};
		E2FA1E8127E3C040009FBF76 = {
			isa = PBXGroup;
			children = (
				E2FA1E8C27E3C040009FBF76 /* Searchinary */,
				E2FA1E8B27E3C040009FBF76 /* Products */,
			);
			sourceTree = "<group>";
		};
		E2FA1E8B27E3C040009FBF76 /* Products */ = {
			isa = PBXGroup;
			children = (
				E2FA1E8A27E3C040009FBF76 /* Searchinary.app */,
			);
			name = Products;
			sourceTree = "<group>";
		};
		E2FA1E8C27E3C040009FBF76 /* Searchinary */ = {
			isa = PBXGroup;
			children = (
				E29D592427F15468007B6163 /* Model */,
				E29D592227F15438007B6163 /* View */,
				E29D592127F1541F007B6163 /* Controller */,
				E2FA1E9627E3C046009FBF76 /* Assets.xcassets */,
				E29D592327F15453007B6163 /* Supporting Files */,
				E2FA1EAA27E3C7F8009FBF76 /* Fonts */,
				E2FA1E9B27E3C046009FBF76 /* Info.plist */,
			);
			path = Searchinary;
			sourceTree = "<group>";
		};
		E2FA1EA527E3C7BC009FBF76 /* Bitter-fonts */ = {
			isa = PBXGroup;
			children = (
				E2FA1EA127E3C7A5009FBF76 /* Bitter-Bold.ttf */,
				E2FA1EA327E3C7B0009FBF76 /* Bitter-Italic.ttf */,
				E2FA1EAC27E3C862009FBF76 /* Bitter-Regular.ttf */,
			);
			path = "Bitter-fonts";
			sourceTree = "<group>";
		};
		E2FA1EAA27E3C7F8009FBF76 /* Fonts */ = {
			isa = PBXGroup;
			children = (
				E2FA1EAB27E3C7FD009FBF76 /* DancingScript-font */,
				E2FA1EA527E3C7BC009FBF76 /* Bitter-fonts */,
			);
			path = Fonts;
			sourceTree = "<group>";
		};
		E2FA1EAB27E3C7FD009FBF76 /* DancingScript-font */ = {
			isa = PBXGroup;
			children = (
				E2FA1EA927E3C7EF009FBF76 /* DancingScript-Bold.ttf */,
			);
			path = "DancingScript-font";
			sourceTree = "<group>";
		};
/* End PBXGroup section */

/* Begin PBXNativeTarget section */
		E2FA1E8927E3C040009FBF76 /* Searchinary */ = {
			isa = PBXNativeTarget;
			buildConfigurationList = E2FA1E9E27E3C046009FBF76 /* Build configuration list for PBXNativeTarget "Searchinary" */;
			buildPhases = (
				E2FA1E8627E3C040009FBF76 /* Sources */,
				E2FA1E8727E3C040009FBF76 /* Frameworks */,
				E2FA1E8827E3C040009FBF76 /* Resources */,
			);
			buildRules = (
			);
			dependencies = (
			);
			name = Searchinary;
			productName = Searchinary;
			productReference = E2FA1E8A27E3C040009FBF76 /* Searchinary.app */;
			productType = "com.apple.product-type.application";
		};
/* End PBXNativeTarget section */

/* Begin PBXProject section */
		E2FA1E8227E3C040009FBF76 /* Project object */ = {
			isa = PBXProject;
			attributes = {
				BuildIndependentTargetsInParallel = 1;
				LastSwiftUpdateCheck = 1330;
				LastUpgradeCheck = 1330;
				TargetAttributes = {
					E2FA1E8927E3C040009FBF76 = {
						CreatedOnToolsVersion = 13.3;
					};
				};
			};
			buildConfigurationList = E2FA1E8527E3C040009FBF76 /* Build configuration list for PBXProject "Searchinary" */;
			compatibilityVersion = "Xcode 13.0";
			developmentRegion = en;
			hasScannedForEncodings = 0;
			knownRegions = (
				en,
				Base,
			);
			mainGroup = E2FA1E8127E3C040009FBF76;
			productRefGroup = E2FA1E8B27E3C040009FBF76 /* Products */;
			projectDirPath = "";
			projectRoot = "";
			targets = (
				E2FA1E8927E3C040009FBF76 /* Searchinary */,
			);
		};
/* End PBXProject section */

/* Begin PBXResourcesBuildPhase section */
		E2FA1E8827E3C040009FBF76 /* Resources */ = {
			isa = PBXResourcesBuildPhase;
			buildActionMask = 2147483647;
			files = (
				E2FA1E9A27E3C046009FBF76 /* LaunchScreen.storyboard in Resources */,
				E2FA1E9727E3C046009FBF76 /* Assets.xcassets in Resources */,
				E2FA1EAD27E3C864009FBF76 /* Bitter-Regular.ttf in Resources */,
				E2FA1EAE27E3C86A009FBF76 /* DancingScript-Bold.ttf in Resources */,
				E2FA1EA627E3C7CD009FBF76 /* Bitter-Bold.ttf in Resources */,
				E2FA1EA827E3C7CD009FBF76 /* Bitter-Italic.ttf in Resources */,
			);
			runOnlyForDeploymentPostprocessing = 0;
		};
/* End PBXResourcesBuildPhase section */

/* Begin PBXSourcesBuildPhase section */
		E2FA1E8627E3C040009FBF76 /* Sources */ = {
			isa = PBXSourcesBuildPhase;
			buildActionMask = 2147483647;
			files = (
				E2FA954127FBC9A300C54875 /* WordView.swift in Sources */,
				E2D936BB27F108260045A394 /* WordList.swift in Sources */,
				E2D686AE2818CE13001C9149 /* FavoriteWordDetailViewController.swift in Sources */,
				E2FA953F27FBC89100C54875 /* WordDetailTableViewCell.swift in Sources */,
				E2FA1E9227E3C040009FBF76 /* ViewController.swift in Sources */,
				E2FA1E8E27E3C040009FBF76 /* AppDelegate.swift in Sources */,
				E235CB8527FBC2F800EF3239 /* FavoriteWordTableView.swift in Sources */,
				E2FA1E9027E3C040009FBF76 /* SceneDelegate.swift in Sources */,
				E29D592027F152CA007B6163 /* RandomWordView.swift in Sources */,
			);
			runOnlyForDeploymentPostprocessing = 0;
		};
/* End PBXSourcesBuildPhase section */

/* Begin PBXVariantGroup section */
		E2FA1E9827E3C046009FBF76 /* LaunchScreen.storyboard */ = {
			isa = PBXVariantGroup;
			children = (
				E2FA1E9927E3C046009FBF76 /* Base */,
			);
			name = LaunchScreen.storyboard;
			sourceTree = "<group>";
		};
/* End PBXVariantGroup section */

/* Begin XCBuildConfiguration section */
		E2FA1E9C27E3C046009FBF76 /* Debug */ = {
			isa = XCBuildConfiguration;
			buildSettings = {
				ALWAYS_SEARCH_USER_PATHS = NO;
				CLANG_ANALYZER_NONNULL = YES;
				CLANG_ANALYZER_NUMBER_OBJECT_CONVERSION = YES_AGGRESSIVE;
				CLANG_CXX_LANGUAGE_STANDARD = "gnu++17";
				CLANG_ENABLE_MODULES = YES;
				CLANG_ENABLE_OBJC_ARC = YES;
				CLANG_ENABLE_OBJC_WEAK = YES;
				CLANG_WARN_BLOCK_CAPTURE_AUTORELEASING = YES;
				CLANG_WARN_BOOL_CONVERSION = YES;
				CLANG_WARN_COMMA = YES;
				CLANG_WARN_CONSTANT_CONVERSION = YES;
				CLANG_WARN_DEPRECATED_OBJC_IMPLEMENTATIONS = YES;
				CLANG_WARN_DIRECT_OBJC_ISA_USAGE = YES_ERROR;
				CLANG_WARN_DOCUMENTATION_COMMENTS = YES;
				CLANG_WARN_EMPTY_BODY = YES;
				CLANG_WARN_ENUM_CONVERSION = YES;
				CLANG_WARN_INFINITE_RECURSION = YES;
				CLANG_WARN_INT_CONVERSION = YES;
				CLANG_WARN_NON_LITERAL_NULL_CONVERSION = YES;
				CLANG_WARN_OBJC_IMPLICIT_RETAIN_SELF = YES;
				CLANG_WARN_OBJC_LITERAL_CONVERSION = YES;
				CLANG_WARN_OBJC_ROOT_CLASS = YES_ERROR;
				CLANG_WARN_QUOTED_INCLUDE_IN_FRAMEWORK_HEADER = YES;
				CLANG_WARN_RANGE_LOOP_ANALYSIS = YES;
				CLANG_WARN_STRICT_PROTOTYPES = YES;
				CLANG_WARN_SUSPICIOUS_MOVE = YES;
				CLANG_WARN_UNGUARDED_AVAILABILITY = YES_AGGRESSIVE;
				CLANG_WARN_UNREACHABLE_CODE = YES;
				CLANG_WARN__DUPLICATE_METHOD_MATCH = YES;
				COPY_PHASE_STRIP = NO;
				DEBUG_INFORMATION_FORMAT = dwarf;
				ENABLE_STRICT_OBJC_MSGSEND = YES;
				ENABLE_TESTABILITY = YES;
				GCC_C_LANGUAGE_STANDARD = gnu11;
				GCC_DYNAMIC_NO_PIC = NO;
				GCC_NO_COMMON_BLOCKS = YES;
				GCC_OPTIMIZATION_LEVEL = 0;
				GCC_PREPROCESSOR_DEFINITIONS = (
					"DEBUG=1",
					"$(inherited)",
				);
				GCC_WARN_64_TO_32_BIT_CONVERSION = YES;
				GCC_WARN_ABOUT_RETURN_TYPE = YES_ERROR;
				GCC_WARN_UNDECLARED_SELECTOR = YES;
				GCC_WARN_UNINITIALIZED_AUTOS = YES_AGGRESSIVE;
				GCC_WARN_UNUSED_FUNCTION = YES;
				GCC_WARN_UNUSED_VARIABLE = YES;
				IPHONEOS_DEPLOYMENT_TARGET = 15.4;
				MTL_ENABLE_DEBUG_INFO = INCLUDE_SOURCE;
				MTL_FAST_MATH = YES;
				ONLY_ACTIVE_ARCH = YES;
				SDKROOT = iphoneos;
				SWIFT_ACTIVE_COMPILATION_CONDITIONS = DEBUG;
				SWIFT_OPTIMIZATION_LEVEL = "-Onone";
			};
			name = Debug;
		};
		E2FA1E9D27E3C046009FBF76 /* Release */ = {
			isa = XCBuildConfiguration;
			buildSettings = {
				ALWAYS_SEARCH_USER_PATHS = NO;
				CLANG_ANALYZER_NONNULL = YES;
				CLANG_ANALYZER_NUMBER_OBJECT_CONVERSION = YES_AGGRESSIVE;
				CLANG_CXX_LANGUAGE_STANDARD = "gnu++17";
				CLANG_ENABLE_MODULES = YES;
				CLANG_ENABLE_OBJC_ARC = YES;
				CLANG_ENABLE_OBJC_WEAK = YES;
				CLANG_WARN_BLOCK_CAPTURE_AUTORELEASING = YES;
				CLANG_WARN_BOOL_CONVERSION = YES;
				CLANG_WARN_COMMA = YES;
				CLANG_WARN_CONSTANT_CONVERSION = YES;
				CLANG_WARN_DEPRECATED_OBJC_IMPLEMENTATIONS = YES;
				CLANG_WARN_DIRECT_OBJC_ISA_USAGE = YES_ERROR;
				CLANG_WARN_DOCUMENTATION_COMMENTS = YES;
				CLANG_WARN_EMPTY_BODY = YES;
				CLANG_WARN_ENUM_CONVERSION = YES;
				CLANG_WARN_INFINITE_RECURSION = YES;
				CLANG_WARN_INT_CONVERSION = YES;
				CLANG_WARN_NON_LITERAL_NULL_CONVERSION = YES;
				CLANG_WARN_OBJC_IMPLICIT_RETAIN_SELF = YES;
				CLANG_WARN_OBJC_LITERAL_CONVERSION = YES;
				CLANG_WARN_OBJC_ROOT_CLASS = YES_ERROR;
				CLANG_WARN_QUOTED_INCLUDE_IN_FRAMEWORK_HEADER = YES;
				CLANG_WARN_RANGE_LOOP_ANALYSIS = YES;
				CLANG_WARN_STRICT_PROTOTYPES = YES;
				CLANG_WARN_SUSPICIOUS_MOVE = YES;
				CLANG_WARN_UNGUARDED_AVAILABILITY = YES_AGGRESSIVE;
				CLANG_WARN_UNREACHABLE_CODE = YES;
				CLANG_WARN__DUPLICATE_METHOD_MATCH = YES;
				COPY_PHASE_STRIP = NO;
				DEBUG_INFORMATION_FORMAT = "dwarf-with-dsym";
				ENABLE_NS_ASSERTIONS = NO;
				ENABLE_STRICT_OBJC_MSGSEND = YES;
				GCC_C_LANGUAGE_STANDARD = gnu11;
				GCC_NO_COMMON_BLOCKS = YES;
				GCC_WARN_64_TO_32_BIT_CONVERSION = YES;
				GCC_WARN_ABOUT_RETURN_TYPE = YES_ERROR;
				GCC_WARN_UNDECLARED_SELECTOR = YES;
				GCC_WARN_UNINITIALIZED_AUTOS = YES_AGGRESSIVE;
				GCC_WARN_UNUSED_FUNCTION = YES;
				GCC_WARN_UNUSED_VARIABLE = YES;
				IPHONEOS_DEPLOYMENT_TARGET = 15.4;
				MTL_ENABLE_DEBUG_INFO = NO;
				MTL_FAST_MATH = YES;
				SDKROOT = iphoneos;
				SWIFT_COMPILATION_MODE = wholemodule;
				SWIFT_OPTIMIZATION_LEVEL = "-O";
				VALIDATE_PRODUCT = YES;
			};
			name = Release;
		};
		E2FA1E9F27E3C046009FBF76 /* Debug */ = {
			isa = XCBuildConfiguration;
			buildSettings = {
				ASSETCATALOG_COMPILER_APPICON_NAME = AppIcon;
				ASSETCATALOG_COMPILER_GLOBAL_ACCENT_COLOR_NAME = AccentColor;
				CODE_SIGN_STYLE = Automatic;
				CURRENT_PROJECT_VERSION = 1;
				DEVELOPMENT_TEAM = WJC52U7SSP;
				GENERATE_INFOPLIST_FILE = YES;
				INFOPLIST_FILE = Searchinary/Info.plist;
				INFOPLIST_KEY_UIApplicationSupportsIndirectInputEvents = YES;
				INFOPLIST_KEY_UILaunchStoryboardName = LaunchScreen;
				INFOPLIST_KEY_UISupportedInterfaceOrientations_iPad = "UIInterfaceOrientationPortrait UIInterfaceOrientationPortraitUpsideDown UIInterfaceOrientationLandscapeLeft UIInterfaceOrientationLandscapeRight";
				INFOPLIST_KEY_UISupportedInterfaceOrientations_iPhone = "UIInterfaceOrientationPortrait UIInterfaceOrientationLandscapeLeft UIInterfaceOrientationLandscapeRight";
				LD_RUNPATH_SEARCH_PATHS = (
					"$(inherited)",
					"@executable_path/Frameworks",
				);
				MARKETING_VERSION = 1.0;
				PRODUCT_BUNDLE_IDENTIFIER = com.myatthuko.Searchinary;
				PRODUCT_NAME = "$(TARGET_NAME)";
				SWIFT_EMIT_LOC_STRINGS = YES;
				SWIFT_VERSION = 5.0;
				TARGETED_DEVICE_FAMILY = "1,2";
			};
			name = Debug;
		};
		E2FA1EA027E3C046009FBF76 /* Release */ = {
			isa = XCBuildConfiguration;
			buildSettings = {
				ASSETCATALOG_COMPILER_APPICON_NAME = AppIcon;
				ASSETCATALOG_COMPILER_GLOBAL_ACCENT_COLOR_NAME = AccentColor;
				CODE_SIGN_STYLE = Automatic;
				CURRENT_PROJECT_VERSION = 1;
				DEVELOPMENT_TEAM = WJC52U7SSP;
				GENERATE_INFOPLIST_FILE = YES;
				INFOPLIST_FILE = Searchinary/Info.plist;
				INFOPLIST_KEY_UIApplicationSupportsIndirectInputEvents = YES;
				INFOPLIST_KEY_UILaunchStoryboardName = LaunchScreen;
				INFOPLIST_KEY_UISupportedInterfaceOrientations_iPad = "UIInterfaceOrientationPortrait UIInterfaceOrientationPortraitUpsideDown UIInterfaceOrientationLandscapeLeft UIInterfaceOrientationLandscapeRight";
				INFOPLIST_KEY_UISupportedInterfaceOrientations_iPhone = "UIInterfaceOrientationPortrait UIInterfaceOrientationLandscapeLeft UIInterfaceOrientationLandscapeRight";
				LD_RUNPATH_SEARCH_PATHS = (
					"$(inherited)",
					"@executable_path/Frameworks",
				);
				MARKETING_VERSION = 1.0;
				PRODUCT_BUNDLE_IDENTIFIER = com.myatthuko.Searchinary;
				PRODUCT_NAME = "$(TARGET_NAME)";
				SWIFT_EMIT_LOC_STRINGS = YES;
				SWIFT_VERSION = 5.0;
				TARGETED_DEVICE_FAMILY = "1,2";
			};
			name = Release;
		};
/* End XCBuildConfiguration section */

/* Begin XCConfigurationList section */
		E2FA1E8527E3C040009FBF76 /* Build configuration list for PBXProject "Searchinary" */ = {
			isa = XCConfigurationList;
			buildConfigurations = (
				E2FA1E9C27E3C046009FBF76 /* Debug */,
				E2FA1E9D27E3C046009FBF76 /* Release */,
			);
			defaultConfigurationIsVisible = 0;
			defaultConfigurationName = Release;
		};
		E2FA1E9E27E3C046009FBF76 /* Build configuration list for PBXNativeTarget "Searchinary" */ = {
			isa = XCConfigurationList;
			buildConfigurations = (
				E2FA1E9F27E3C046009FBF76 /* Debug */,
				E2FA1EA027E3C046009FBF76 /* Release */,
			);
			defaultConfigurationIsVisible = 0;
			defaultConfigurationName = Release;
		};
/* End XCConfigurationList section */
	};
	rootObject = E2FA1E8227E3C040009FBF76 /* Project object */;
}
